
Microsoft Visual Studio Solution File, Format Version 12.00
# Visual Studio Version 17
VisualStudioVersion = 17.7.34024.191
MinimumVisualStudioVersion = 10.0.40219.1
Project("{FAE04EC0-301F-11D3-BF4B-00C04F79EFBC}") = "ConsoleApp12", "ConsoleApp12\ConsoleApp12.csproj", "{C38891C4-0F74-428A-8BD8-81BCBE040415}"
EndProject
Global
	GlobalSection(SolutionConfigurationPlatforms) = preSolution
		Debug|Any CPU = Debug|Any CPU
		Release|Any CPU = Release|Any CPU
	EndGlobalSection
	GlobalSection(ProjectConfigurationPlatforms) = postSolution
		{C38891C4-0F74-428A-8BD8-81BCBE040415}.Debug|Any CPU.ActiveCfg = Debug|Any CPU
		{C38891C4-0F74-428A-8BD8-81BCBE040415}.Debug|Any CPU.Build.0 = Debug|Any CPU
		{C38891C4-0F74-428A-8BD8-81BCBE040415}.Release|Any CPU.ActiveCfg = Release|Any CPU
		{C38891C4-0F74-428A-8BD8-81BCBE040415}.Release|Any CPU.Build.0 = Release|Any CPU
	EndGlobalSection
	GlobalSection(SolutionProperties) = preSolution
		HideSolutionNode = FALSE
	EndGlobalSection
	GlobalSection(ExtensibilityGlobals) = postSolution
		SolutionGuid = {CABF2DF7-F078-4AA4-9468-E0D47A2BD5A9}
	EndGlobalSection
EndGlobal
